PODS:
  - Alamofire (4.6.0)
  - Moya (11.0.1):
    - Moya/Core (= 11.0.1)
  - Moya/Core (11.0.1):
    - Alamofire (~> 4.1)
    - Result (~> 3.0)
  - ObjectMapper (3.1.0)
  - Result (3.2.4)
  - RxCocoa (4.1.2):
    - RxSwift (~> 4.0)
  - RxSwift (4.1.2)

DEPENDENCIES:
  - Moya
  - ObjectMapper
  - RxCocoa
  - RxSwift

SPEC CHECKSUMS:
  Alamofire: f41a599bd63041760b26d393ec1069d9d7b917f4
  Moya: 3d594ada51a21cc02b18739ab578a1984f900c8a
  ObjectMapper: 20505058f54e5c3ca69e1d6de9897d152a5369a6
  Result: d2d07204ce72856f1fd9130bbe42c35a7b0fea10
  RxCocoa: d88ba0f1f6abf040011a9eb4b539324fc426843a
  RxSwift: e49536837d9901277638493ea537394d4b55f570

PODFILE CHECKSUM: e695bd12d0df88268a0582e186870f76e9bee79c

COCOAPODS: 1.4.0
